// !$*UTF8*$!
{
	archiveVersion = 1;
	classes = {
	};
	objectVersion = 46;
	objects = {

/* Begin PBXBuildFile section */
		E011DBDE15C3E85D00FAC678 /* Default.png in Resources */ = {isa = PBXBuildFile; fileRef = E011DBDC15C3E85D00FAC678 /* Default.png */; };
		E011DBDF15C3E85D00FAC678 /* Default@2x.png in Resources */ = {isa = PBXBuildFile; fileRef = E011DBDD15C3E85D00FAC678 /* Default@2x.png */; };
		E085560A15BAF34400A1B5E4 /* UIKit.framework in Frameworks */ = {isa = PBXBuildFile; fileRef = E085560915BAF34400A1B5E4 /* UIKit.framework */; };
		E085560C15BAF34400A1B5E4 /* Foundation.framework in Frameworks */ = {isa = PBXBuildFile; fileRef = E085560B15BAF34400A1B5E4 /* Foundation.framework */; };
		E085560E15BAF34400A1B5E4 /* CoreGraphics.framework in Frameworks */ = {isa = PBXBuildFile; fileRef = E085560D15BAF34400A1B5E4 /* CoreGraphics.framework */; };
		E085561415BAF34400A1B5E4 /* InfoPlist.strings in Resources */ = {isa = PBXBuildFile; fileRef = E085561215BAF34400A1B5E4 /* InfoPlist.strings */; };
		E085561615BAF34400A1B5E4 /* main.m in Sources */ = {isa = PBXBuildFile; fileRef = E085561515BAF34400A1B5E4 /* main.m */; };
		E085561D15BAF34400A1B5E4 /* MainStoryboard.storyboard in Resources */ = {isa = PBXBuildFile; fileRef = E085561B15BAF34400A1B5E4 /* MainStoryboard.storyboard */; };
		E085566A15BC94CE00A1B5E4 /* Icon-72.png in Resources */ = {isa = PBXBuildFile; fileRef = E085566315BC94CE00A1B5E4 /* Icon-72.png */; };
		E085566D15BC94CE00A1B5E4 /* Icon-Small.png in Resources */ = {isa = PBXBuildFile; fileRef = E085566615BC94CE00A1B5E4 /* Icon-Small.png */; };
		E085566E15BC94CE00A1B5E4 /* Icon-Small@2x.png in Resources */ = {isa = PBXBuildFile; fileRef = E085566715BC94CE00A1B5E4 /* Icon-Small@2x.png */; };
		E085566F15BC94CE00A1B5E4 /* Icon.png in Resources */ = {isa = PBXBuildFile; fileRef = E085566815BC94CE00A1B5E4 /* Icon.png */; };
		E085567015BC94CE00A1B5E4 /* Icon@2x.png in Resources */ = {isa = PBXBuildFile; fileRef = E085566915BC94CE00A1B5E4 /* Icon@2x.png */; };
		E085567815BC94DA00A1B5E4 /* button.png in Resources */ = {isa = PBXBuildFile; fileRef = E085567415BC94DA00A1B5E4 /* button.png */; };
		E085567C15BC94EC00A1B5E4 /* MBProgressHUD.m in Sources */ = {isa = PBXBuildFile; fileRef = E085567B15BC94EC00A1B5E4 /* MBProgressHUD.m */; };
		E085568315BC953300A1B5E4 /* ASViewController.m in Sources */ = {isa = PBXBuildFile; fileRef = E085568015BC951400A1B5E4 /* ASViewController.m */; };
		E085568415BC953700A1B5E4 /* ASResultViewController.m in Sources */ = {isa = PBXBuildFile; fileRef = E085567E15BC950700A1B5E4 /* ASResultViewController.m */; };
		E085568515BC953B00A1B5E4 /* ASAppDelegate.m in Sources */ = {isa = PBXBuildFile; fileRef = E085568215BC951F00A1B5E4 /* ASAppDelegate.m */; };
		E085568815BC959800A1B5E4 /* checkmark.png in Resources */ = {isa = PBXBuildFile; fileRef = E085568615BC959800A1B5E4 /* checkmark.png */; };
		E085568915BC959800A1B5E4 /* checkmark@2x.png in Resources */ = {isa = PBXBuildFile; fileRef = E085568715BC959800A1B5E4 /* checkmark@2x.png */; };
		E085568D15BD985600A1B5E4 /* button@2x.png in Resources */ = {isa = PBXBuildFile; fileRef = E085568C15BD985600A1B5E4 /* button@2x.png */; };
		E0A8B63015C55831000CD371 /* ASUnshortener.m in Sources */ = {isa = PBXBuildFile; fileRef = E0A8B62F15C55831000CD371 /* ASUnshortener.m */; };
/* End PBXBuildFile section */

/* Begin PBXFileReference section */
		E011DBDC15C3E85D00FAC678 /* Default.png */ = {isa = PBXFileReference; lastKnownFileType = image.png; name = Default.png; path = Images/Default.png; sourceTree = SOURCE_ROOT; };
		E011DBDD15C3E85D00FAC678 /* Default@2x.png */ = {isa = PBXFileReference; lastKnownFileType = image.png; name = "Default@2x.png"; path = "Images/Default@2x.png"; sourceTree = SOURCE_ROOT; };
		E085560515BAF34400A1B5E4 /* unshorten.app */ = {isa = PBXFileReference; explicitFileType = wrapper.application; includeInIndex = 0; path = unshorten.app; sourceTree = BUILT_PRODUCTS_DIR; };
		E085560915BAF34400A1B5E4 /* UIKit.framework */ = {isa = PBXFileReference; lastKnownFileType = wrapper.framework; name = UIKit.framework; path = System/Library/Frameworks/UIKit.framework; sourceTree = SDKROOT; };
		E085560B15BAF34400A1B5E4 /* Foundation.framework */ = {isa = PBXFileReference; lastKnownFileType = wrapper.framework; name = Foundation.framework; path = System/Library/Frameworks/Foundation.framework; sourceTree = SDKROOT; };
		E085560D15BAF34400A1B5E4 /* CoreGraphics.framework */ = {isa = PBXFileReference; lastKnownFileType = wrapper.framework; name = CoreGraphics.framework; path = System/Library/Frameworks/CoreGraphics.framework; sourceTree = SDKROOT; };
		E085561115BAF34400A1B5E4 /* unshorten-Info.plist */ = {isa = PBXFileReference; lastKnownFileType = text.plist.xml; path = "unshorten-Info.plist"; sourceTree = "<group>"; };
		E085561315BAF34400A1B5E4 /* en */ = {isa = PBXFileReference; lastKnownFileType = text.plist.strings; name = en; path = en.lproj/InfoPlist.strings; sourceTree = "<group>"; };
		E085561515BAF34400A1B5E4 /* main.m */ = {isa = PBXFileReference; lastKnownFileType = sourcecode.c.objc; path = main.m; sourceTree = "<group>"; };
		E085561715BAF34400A1B5E4 /* unshorten-Prefix.pch */ = {isa = PBXFileReference; lastKnownFileType = sourcecode.c.h; path = "unshorten-Prefix.pch"; sourceTree = "<group>"; };
		E085561C15BAF34400A1B5E4 /* en */ = {isa = PBXFileReference; lastKnownFileType = file.storyboard; name = en; path = en.lproj/MainStoryboard.storyboard; sourceTree = "<group>"; };
		E085566315BC94CE00A1B5E4 /* Icon-72.png */ = {isa = PBXFileReference; lastKnownFileType = image.png; name = "Icon-72.png"; path = "Resources/Icon-72.png"; sourceTree = SOURCE_ROOT; };
		E085566615BC94CE00A1B5E4 /* Icon-Small.png */ = {isa = PBXFileReference; lastKnownFileType = image.png; name = "Icon-Small.png"; path = "Resources/Icon-Small.png"; sourceTree = SOURCE_ROOT; };
		E085566715BC94CE00A1B5E4 /* Icon-Small@2x.png */ = {isa = PBXFileReference; lastKnownFileType = image.png; name = "Icon-Small@2x.png"; path = "Resources/Icon-Small@2x.png"; sourceTree = SOURCE_ROOT; };
		E085566815BC94CE00A1B5E4 /* Icon.png */ = {isa = PBXFileReference; lastKnownFileType = image.png; name = Icon.png; path = Resources/Icon.png; sourceTree = SOURCE_ROOT; };
		E085566915BC94CE00A1B5E4 /* Icon@2x.png */ = {isa = PBXFileReference; lastKnownFileType = image.png; name = "Icon@2x.png"; path = "Resources/Icon@2x.png"; sourceTree = SOURCE_ROOT; };
		E085567415BC94DA00A1B5E4 /* button.png */ = {isa = PBXFileReference; lastKnownFileType = image.png; name = button.png; path = Images/button.png; sourceTree = SOURCE_ROOT; };
		E085567A15BC94EC00A1B5E4 /* MBProgressHUD.h */ = {isa = PBXFileReference; fileEncoding = 4; lastKnownFileType = sourcecode.c.h; path = MBProgressHUD.h; sourceTree = "<group>"; };
		E085567B15BC94EC00A1B5E4 /* MBProgressHUD.m */ = {isa = PBXFileReference; fileEncoding = 4; lastKnownFileType = sourcecode.c.objc; path = MBProgressHUD.m; sourceTree = "<group>"; };
		E085567D15BC950700A1B5E4 /* ASResultViewController.h */ = {isa = PBXFileReference; lastKnownFileType = sourcecode.c.h; path = ASResultViewController.h; sourceTree = "<group>"; };
		E085567E15BC950700A1B5E4 /* ASResultViewController.m */ = {isa = PBXFileReference; lastKnownFileType = sourcecode.c.objc; path = ASResultViewController.m; sourceTree = "<group>"; };
		E085567F15BC951400A1B5E4 /* ASViewController.h */ = {isa = PBXFileReference; lastKnownFileType = sourcecode.c.h; path = ASViewController.h; sourceTree = "<group>"; };
		E085568015BC951400A1B5E4 /* ASViewController.m */ = {isa = PBXFileReference; lastKnownFileType = sourcecode.c.objc; path = ASViewController.m; sourceTree = "<group>"; };
		E085568115BC951F00A1B5E4 /* ASAppDelegate.h */ = {isa = PBXFileReference; lastKnownFileType = sourcecode.c.h; path = ASAppDelegate.h; sourceTree = "<group>"; };
		E085568215BC951F00A1B5E4 /* ASAppDelegate.m */ = {isa = PBXFileReference; lastKnownFileType = sourcecode.c.objc; path = ASAppDelegate.m; sourceTree = "<group>"; };
		E085568615BC959800A1B5E4 /* checkmark.png */ = {isa = PBXFileReference; lastKnownFileType = image.png; name = checkmark.png; path = Images/checkmark.png; sourceTree = SOURCE_ROOT; };
		E085568715BC959800A1B5E4 /* checkmark@2x.png */ = {isa = PBXFileReference; lastKnownFileType = image.png; name = "checkmark@2x.png"; path = "Images/checkmark@2x.png"; sourceTree = SOURCE_ROOT; };
		E085568C15BD985600A1B5E4 /* button@2x.png */ = {isa = PBXFileReference; lastKnownFileType = image.png; name = "button@2x.png"; path = "Images/button@2x.png"; sourceTree = SOURCE_ROOT; };
		E0A8B62E15C55831000CD371 /* ASUnshortener.h */ = {isa = PBXFileReference; fileEncoding = 4; lastKnownFileType = sourcecode.c.h; path = ASUnshortener.h; sourceTree = "<group>"; };
		E0A8B62F15C55831000CD371 /* ASUnshortener.m */ = {isa = PBXFileReference; fileEncoding = 4; lastKnownFileType = sourcecode.c.objc; path = ASUnshortener.m; sourceTree = "<group>"; };
/* End PBXFileReference section */

/* Begin PBXFrameworksBuildPhase section */
		E085560215BAF34400A1B5E4 /* Frameworks */ = {
			isa = PBXFrameworksBuildPhase;
			buildActionMask = 2147483647;
			files = (
				E085560A15BAF34400A1B5E4 /* UIKit.framework in Frameworks */,
				E085560C15BAF34400A1B5E4 /* Foundation.framework in Frameworks */,
				E085560E15BAF34400A1B5E4 /* CoreGraphics.framework in Frameworks */,
			);
			runOnlyForDeploymentPostprocessing = 0;
		};
/* End PBXFrameworksBuildPhase section */

/* Begin PBXGroup section */
		E08555FA15BAF34400A1B5E4 = {
			isa = PBXGroup;
			children = (
				E085560F15BAF34400A1B5E4 /* unshorten */,
				E085560815BAF34400A1B5E4 /* Frameworks */,
				E085560615BAF34400A1B5E4 /* Products */,
			);
			sourceTree = "<group>";
		};
		E085560615BAF34400A1B5E4 /* Products */ = {
			isa = PBXGroup;
			children = (
				E085560515BAF34400A1B5E4 /* unshorten.app */,
			);
			name = Products;
			sourceTree = "<group>";
		};
		E085560815BAF34400A1B5E4 /* Frameworks */ = {
			isa = PBXGroup;
			children = (
				E085560915BAF34400A1B5E4 /* UIKit.framework */,
				E085560B15BAF34400A1B5E4 /* Foundation.framework */,
				E085560D15BAF34400A1B5E4 /* CoreGraphics.framework */,
			);
			name = Frameworks;
			sourceTree = "<group>";
		};
		E085560F15BAF34400A1B5E4 /* unshorten */ = {
			isa = PBXGroup;
			children = (
				E085561B15BAF34400A1B5E4 /* MainStoryboard.storyboard */,
				E085568115BC951F00A1B5E4 /* ASAppDelegate.h */,
				E085568215BC951F00A1B5E4 /* ASAppDelegate.m */,
				E0A8B63215C55FEF000CD371 /* Unshortener */,
				E085564A15BB501100A1B5E4 /* Main View */,
				E085564B15BB501C00A1B5E4 /* Result View */,
				E085567915BC94EC00A1B5E4 /* lib */,
				E085561015BAF34400A1B5E4 /* Supporting Files */,
			);
			path = unshorten;
			sourceTree = "<group>";
		};
		E085561015BAF34400A1B5E4 /* Supporting Files */ = {
			isa = PBXGroup;
			children = (
				E085564C15BC3FE900A1B5E4 /* Resources */,
				E085564515BAF54600A1B5E4 /* Images */,
				E085561115BAF34400A1B5E4 /* unshorten-Info.plist */,
				E085561215BAF34400A1B5E4 /* InfoPlist.strings */,
				E085561515BAF34400A1B5E4 /* main.m */,
				E085561715BAF34400A1B5E4 /* unshorten-Prefix.pch */,
			);
			name = "Supporting Files";
			sourceTree = "<group>";
		};
		E085564515BAF54600A1B5E4 /* Images */ = {
			isa = PBXGroup;
			children = (
				E011DBDC15C3E85D00FAC678 /* Default.png */,
				E011DBDD15C3E85D00FAC678 /* Default@2x.png */,
				E085568615BC959800A1B5E4 /* checkmark.png */,
				E085568715BC959800A1B5E4 /* checkmark@2x.png */,
				E085567415BC94DA00A1B5E4 /* button.png */,
				E085568C15BD985600A1B5E4 /* button@2x.png */,
			);
			path = Images;
			sourceTree = "<group>";
		};
		E085564A15BB501100A1B5E4 /* Main View */ = {
			isa = PBXGroup;
			children = (
				E085567F15BC951400A1B5E4 /* ASViewController.h */,
				E085568015BC951400A1B5E4 /* ASViewController.m */,
			);
			name = "Main View";
			sourceTree = "<group>";
		};
		E085564B15BB501C00A1B5E4 /* Result View */ = {
			isa = PBXGroup;
			children = (
				E085567D15BC950700A1B5E4 /* ASResultViewController.h */,
				E085567E15BC950700A1B5E4 /* ASResultViewController.m */,
			);
			name = "Result View";
			sourceTree = "<group>";
		};
		E085564C15BC3FE900A1B5E4 /* Resources */ = {
			isa = PBXGroup;
			children = (
				E085566315BC94CE00A1B5E4 /* Icon-72.png */,
				E085566615BC94CE00A1B5E4 /* Icon-Small.png */,
				E085566715BC94CE00A1B5E4 /* Icon-Small@2x.png */,
				E085566815BC94CE00A1B5E4 /* Icon.png */,
				E085566915BC94CE00A1B5E4 /* Icon@2x.png */,
			);
			path = Resources;
			sourceTree = "<group>";
		};
		E085567915BC94EC00A1B5E4 /* lib */ = {
			isa = PBXGroup;
			children = (
				E085567A15BC94EC00A1B5E4 /* MBProgressHUD.h */,
				E085567B15BC94EC00A1B5E4 /* MBProgressHUD.m */,
			);
			path = lib;
			sourceTree = "<group>";
		};
		E0A8B63215C55FEF000CD371 /* Unshortener */ = {
			isa = PBXGroup;
			children = (
				E0A8B62E15C55831000CD371 /* ASUnshortener.h */,
				E0A8B62F15C55831000CD371 /* ASUnshortener.m */,
			);
			name = Unshortener;
			sourceTree = "<group>";
		};
/* End PBXGroup section */

/* Begin PBXNativeTarget section */
		E085560415BAF34400A1B5E4 /* unshorten */ = {
			isa = PBXNativeTarget;
			buildConfigurationList = E085562315BAF34400A1B5E4 /* Build configuration list for PBXNativeTarget "unshorten" */;
			buildPhases = (
				E085560115BAF34400A1B5E4 /* Sources */,
				E085560215BAF34400A1B5E4 /* Frameworks */,
				E085560315BAF34400A1B5E4 /* Resources */,
			);
			buildRules = (
			);
			dependencies = (
			);
			name = unshorten;
			productName = unshorten;
			productReference = E085560515BAF34400A1B5E4 /* unshorten.app */;
			productType = "com.apple.product-type.application";
		};
/* End PBXNativeTarget section */

/* Begin PBXProject section */
		E08555FC15BAF34400A1B5E4 /* Project object */ = {
			isa = PBXProject;
			attributes = {
				CLASSPREFIX = AS;
				LastUpgradeCheck = 0430;
			};
			buildConfigurationList = E08555FF15BAF34400A1B5E4 /* Build configuration list for PBXProject "unshorten" */;
			compatibilityVersion = "Xcode 3.2";
			developmentRegion = English;
			hasScannedForEncodings = 0;
			knownRegions = (
				en,
			);
			mainGroup = E08555FA15BAF34400A1B5E4;
			productRefGroup = E085560615BAF34400A1B5E4 /* Products */;
			projectDirPath = "";
			projectRoot = "";
			targets = (
				E085560415BAF34400A1B5E4 /* unshorten */,
			);
		};
/* End PBXProject section */

/* Begin PBXResourcesBuildPhase section */
		E085560315BAF34400A1B5E4 /* Resources */ = {
			isa = PBXResourcesBuildPhase;
			buildActionMask = 2147483647;
			files = (
				E085561415BAF34400A1B5E4 /* InfoPlist.strings in Resources */,
				E085561D15BAF34400A1B5E4 /* MainStoryboard.storyboard in Resources */,
				E085566A15BC94CE00A1B5E4 /* Icon-72.png in Resources */,
				E085566D15BC94CE00A1B5E4 /* Icon-Small.png in Resources */,
				E085566E15BC94CE00A1B5E4 /* Icon-Small@2x.png in Resources */,
				E085566F15BC94CE00A1B5E4 /* Icon.png in Resources */,
				E085567015BC94CE00A1B5E4 /* Icon@2x.png in Resources */,
				E085567815BC94DA00A1B5E4 /* button.png in Resources */,
				E085568815BC959800A1B5E4 /* checkmark.png in Resources */,
				E085568915BC959800A1B5E4 /* checkmark@2x.png in Resources */,
				E085568D15BD985600A1B5E4 /* button@2x.png in Resources */,
				E011DBDE15C3E85D00FAC678 /* Default.png in Resources */,
				E011DBDF15C3E85D00FAC678 /* Default@2x.png in Resources */,
			);
			runOnlyForDeploymentPostprocessing = 0;
		};
/* End PBXResourcesBuildPhase section */

/* Begin PBXSourcesBuildPhase section */
		E085560115BAF34400A1B5E4 /* Sources */ = {
			isa = PBXSourcesBuildPhase;
			buildActionMask = 2147483647;
			files = (
				E085568515BC953B00A1B5E4 /* ASAppDelegate.m in Sources */,
				E085568415BC953700A1B5E4 /* ASResultViewController.m in Sources */,
				E085568315BC953300A1B5E4 /* ASViewController.m in Sources */,
				E085561615BAF34400A1B5E4 /* main.m in Sources */,
				E085567C15BC94EC00A1B5E4 /* MBProgressHUD.m in Sources */,
				E0A8B63015C55831000CD371 /* ASUnshortener.m in Sources */,
			);
			runOnlyForDeploymentPostprocessing = 0;
		};
/* End PBXSourcesBuildPhase section */

/* Begin PBXVariantGroup section */
		E085561215BAF34400A1B5E4 /* InfoPlist.strings */ = {
			isa = PBXVariantGroup;
			children = (
				E085561315BAF34400A1B5E4 /* en */,
			);
			name = InfoPlist.strings;
			sourceTree = "<group>";
		};
		E085561B15BAF34400A1B5E4 /* MainStoryboard.storyboard */ = {
			isa = PBXVariantGroup;
			children = (
				E085561C15BAF34400A1B5E4 /* en */,
			);
			name = MainStoryboard.storyboard;
			sourceTree = "<group>";
		};
/* End PBXVariantGroup section */

/* Begin XCBuildConfiguration section */
		E085562115BAF34400A1B5E4 /* Debug */ = {
			isa = XCBuildConfiguration;
			buildSettings = {
				ALWAYS_SEARCH_USER_PATHS = NO;
				ARCHS = "$(ARCHS_STANDARD_32_BIT)";
				CLANG_ENABLE_OBJC_ARC = YES;
				"CODE_SIGN_IDENTITY[sdk=iphoneos*]" = "iPhone Developer";
				COPY_PHASE_STRIP = NO;
				GCC_C_LANGUAGE_STANDARD = gnu99;
				GCC_DYNAMIC_NO_PIC = NO;
				GCC_OPTIMIZATION_LEVEL = 0;
				GCC_PREPROCESSOR_DEFINITIONS = (
					"DEBUG=1",
					"$(inherited)",
				);
				GCC_SYMBOLS_PRIVATE_EXTERN = NO;
				GCC_VERSION = com.apple.compilers.llvm.clang.1_0;
				GCC_WARN_ABOUT_RETURN_TYPE = YES;
				GCC_WARN_UNINITIALIZED_AUTOS = YES;
				GCC_WARN_UNUSED_VARIABLE = YES;
				IPHONEOS_DEPLOYMENT_TARGET = 5.0;
				SDKROOT = iphoneos;
			};
			name = Debug;
		};
		E085562215BAF34400A1B5E4 /* Release */ = {
			isa = XCBuildConfiguration;
			buildSettings = {
				ALWAYS_SEARCH_USER_PATHS = NO;
				ARCHS = "$(ARCHS_STANDARD_32_BIT)";
				CLANG_ENABLE_OBJC_ARC = YES;
				CODE_SIGN_IDENTITY = "";
				"CODE_SIGN_IDENTITY[sdk=iphoneos*]" = "iPhone Distribution: Ahmed Al Shammari";
				COPY_PHASE_STRIP = YES;
				GCC_C_LANGUAGE_STANDARD = gnu99;
				GCC_VERSION = com.apple.compilers.llvm.clang.1_0;
				GCC_WARN_ABOUT_RETURN_TYPE = YES;
				GCC_WARN_UNINITIALIZED_AUTOS = YES;
				GCC_WARN_UNUSED_VARIABLE = YES;
				IPHONEOS_DEPLOYMENT_TARGET = 5.0;
				OTHER_CFLAGS = "-DNS_BLOCK_ASSERTIONS=1";
				"PROVISIONING_PROFILE[sdk=iphoneos*]" = "DA305483-410A-4C47-92B9-234891CFAAC8";
				SDKROOT = iphoneos;
				VALIDATE_PRODUCT = YES;
			};
			name = Release;
		};
		E085562415BAF34400A1B5E4 /* Debug */ = {
			isa = XCBuildConfiguration;
			buildSettings = {
				GCC_PRECOMPILE_PREFIX_HEADER = YES;
				GCC_PREFIX_HEADER = "unshorten/unshorten-Prefix.pch";
				INFOPLIST_FILE = "unshorten/unshorten-Info.plist";
				IPHONEOS_DEPLOYMENT_TARGET = 5.0;
				PRODUCT_NAME = "$(TARGET_NAME)";
				TARGETED_DEVICE_FAMILY = 1;
				WRAPPER_EXTENSION = app;
			};
			name = Debug;
		};
		E085562515BAF34400A1B5E4 /* Release */ = {
			isa = XCBuildConfiguration;
			buildSettings = {
				GCC_PRECOMPILE_PREFIX_HEADER = YES;
				GCC_PREFIX_HEADER = "unshorten/unshorten-Prefix.pch";
				INFOPLIST_FILE = "unshorten/unshorten-Info.plist";
				IPHONEOS_DEPLOYMENT_TARGET = 5.0;
				PRODUCT_NAME = "$(TARGET_NAME)";
				TARGETED_DEVICE_FAMILY = 1;
				WRAPPER_EXTENSION = app;
			};
			name = Release;
		};
/* End XCBuildConfiguration section */

/* Begin XCConfigurationList section */
		E08555FF15BAF34400A1B5E4 /* Build configuration list for PBXProject "unshorten" */ = {
			isa = XCConfigurationList;
			buildConfigurations = (
				E085562115BAF34400A1B5E4 /* Debug */,
				E085562215BAF34400A1B5E4 /* Release */,
			);
			defaultConfigurationIsVisible = 0;
			defaultConfigurationName = Release;
		};
		E085562315BAF34400A1B5E4 /* Build configuration list for PBXNativeTarget "unshorten" */ = {
			isa = XCConfigurationList;
			buildConfigurations = (
				E085562415BAF34400A1B5E4 /* Debug */,
				E085562515BAF34400A1B5E4 /* Release */,
			);
			defaultConfigurationIsVisible = 0;
			defaultConfigurationName = Release;
		};
/* End XCConfigurationList section */
	};
	rootObject = E08555FC15BAF34400A1B5E4 /* Project object */;
}
